// !$*UTF8*$!
{
	archiveVersion = 1;
	classes = {
	};
	objectVersion = 46;
	objects = {

/* Begin PBXBuildFile section */
		0795424719A6D465009DACD1 /* Foundation.framework in Frameworks */ = {isa = PBXBuildFile; fileRef = 0795424619A6D465009DACD1 /* Foundation.framework */; };
		0795424919A6D465009DACD1 /* CoreGraphics.framework in Frameworks */ = {isa = PBXBuildFile; fileRef = 0795424819A6D465009DACD1 /* CoreGraphics.framework */; };
		0795424B19A6D465009DACD1 /* UIKit.framework in Frameworks */ = {isa = PBXBuildFile; fileRef = 0795424A19A6D465009DACD1 /* UIKit.framework */; };
		0795425119A6D465009DACD1 /* InfoPlist.strings in Resources */ = {isa = PBXBuildFile; fileRef = 0795424F19A6D465009DACD1 /* InfoPlist.strings */; };
		0795425319A6D465009DACD1 /* main.m in Sources */ = {isa = PBXBuildFile; fileRef = 0795425219A6D465009DACD1 /* main.m */; };
		0795425719A6D465009DACD1 /* NTAppDelegate.m in Sources */ = {isa = PBXBuildFile; fileRef = 0795425619A6D465009DACD1 /* NTAppDelegate.m */; };
		0795425A19A6D465009DACD1 /* Main.storyboard in Resources */ = {isa = PBXBuildFile; fileRef = 0795425819A6D465009DACD1 /* Main.storyboard */; };
		0795425D19A6D465009DACD1 /* NTViewController.m in Sources */ = {isa = PBXBuildFile; fileRef = 0795425C19A6D465009DACD1 /* NTViewController.m */; };
		0795426619A6D465009DACD1 /* XCTest.framework in Frameworks */ = {isa = PBXBuildFile; fileRef = 0795426519A6D465009DACD1 /* XCTest.framework */; };
		0795426719A6D465009DACD1 /* Foundation.framework in Frameworks */ = {isa = PBXBuildFile; fileRef = 0795424619A6D465009DACD1 /* Foundation.framework */; };
		0795426819A6D465009DACD1 /* UIKit.framework in Frameworks */ = {isa = PBXBuildFile; fileRef = 0795424A19A6D465009DACD1 /* UIKit.framework */; };
		0795427019A6D465009DACD1 /* InfoPlist.strings in Resources */ = {isa = PBXBuildFile; fileRef = 0795426E19A6D465009DACD1 /* InfoPlist.strings */; };
		0795427219A6D465009DACD1 /* TimerSignalTests.m in Sources */ = {isa = PBXBuildFile; fileRef = 0795427119A6D465009DACD1 /* TimerSignalTests.m */; };
		07A2E4EA19B1ABD70040A4F3 /* NTClockGestureRecognizer.m in Sources */ = {isa = PBXBuildFile; fileRef = 07A2E4DC19B1ABD70040A4F3 /* NTClockGestureRecognizer.m */; };
		07A2E4EB19B1ABD70040A4F3 /* NTClockHariView.m in Sources */ = {isa = PBXBuildFile; fileRef = 07A2E4DE19B1ABD70040A4F3 /* NTClockHariView.m */; };
		07A2E4EC19B1ABD70040A4F3 /* NTClockHourView.m in Sources */ = {isa = PBXBuildFile; fileRef = 07A2E4E019B1ABD70040A4F3 /* NTClockHourView.m */; };
		07A2E4ED19B1ABD70040A4F3 /* NTClockMinuteView.m in Sources */ = {isa = PBXBuildFile; fileRef = 07A2E4E219B1ABD70040A4F3 /* NTClockMinuteView.m */; };
		07A2E4EE19B1ABD70040A4F3 /* NTClockRecognizer.m in Sources */ = {isa = PBXBuildFile; fileRef = 07A2E4E419B1ABD70040A4F3 /* NTClockRecognizer.m */; };
		07A2E4EF19B1ABD70040A4F3 /* NTClockString.m in Sources */ = {isa = PBXBuildFile; fileRef = 07A2E4E619B1ABD70040A4F3 /* NTClockString.m */; };
		07A2E4F019B1ABD70040A4F3 /* NTClockView.m in Sources */ = {isa = PBXBuildFile; fileRef = 07A2E4E819B1ABD70040A4F3 /* NTClockView.m */; };
		07A2E4F119B1ABD70040A4F3 /* NTClockView.xib in Resources */ = {isa = PBXBuildFile; fileRef = 07A2E4E919B1ABD70040A4F3 /* NTClockView.xib */; };
		07A2E50619B2C1390040A4F3 /* Backgraund_x1.png in Resources */ = {isa = PBXBuildFile; fileRef = 07A2E4FA19B2C1390040A4F3 /* Backgraund_x1.png */; };
		07A2E50719B2C1390040A4F3 /* Backgraund_x2.png in Resources */ = {isa = PBXBuildFile; fileRef = 07A2E4FB19B2C1390040A4F3 /* Backgraund_x2.png */; };
		07A2E50819B2C1390040A4F3 /* Enn_AM.png in Resources */ = {isa = PBXBuildFile; fileRef = 07A2E4FC19B2C1390040A4F3 /* Enn_AM.png */; };
		07A2E50919B2C1390040A4F3 /* Enn_Half_Hour_Text.png in Resources */ = {isa = PBXBuildFile; fileRef = 07A2E4FD19B2C1390040A4F3 /* Enn_Half_Hour_Text.png */; };
		07A2E50A19B2C1390040A4F3 /* Enn_Half_Hour_Ya.png in Resources */ = {isa = PBXBuildFile; fileRef = 07A2E4FE19B2C1390040A4F3 /* Enn_Half_Hour_Ya.png */; };
		07A2E50B19B2C1390040A4F3 /* Enn_Half_Hour.png in Resources */ = {isa = PBXBuildFile; fileRef = 07A2E4FF19B2C1390040A4F3 /* Enn_Half_Hour.png */; };
		07A2E50C19B2C1390040A4F3 /* Enn_Half_Minute_Text.png in Resources */ = {isa = PBXBuildFile; fileRef = 07A2E50019B2C1390040A4F3 /* Enn_Half_Minute_Text.png */; };
		07A2E50D19B2C1390040A4F3 /* Enn_Half_Minute_Ya.png in Resources */ = {isa = PBXBuildFile; fileRef = 07A2E50119B2C1390040A4F3 /* Enn_Half_Minute_Ya.png */; };
		07A2E50E19B2C1390040A4F3 /* Enn_Half_Minute.png in Resources */ = {isa = PBXBuildFile; fileRef = 07A2E50219B2C1390040A4F3 /* Enn_Half_Minute.png */; };
		07A2E50F19B2C1390040A4F3 /* Enn_PM.png in Resources */ = {isa = PBXBuildFile; fileRef = 07A2E50319B2C1390040A4F3 /* Enn_PM.png */; };
		07A2E51019B2C1390040A4F3 /* Go_x1.png in Resources */ = {isa = PBXBuildFile; fileRef = 07A2E50419B2C1390040A4F3 /* Go_x1.png */; };
		07A2E51119B2C1390040A4F3 /* Go_x2.png in Resources */ = {isa = PBXBuildFile; fileRef = 07A2E50519B2C1390040A4F3 /* Go_x2.png */; };
		07A2E51319B2C1DC0040A4F3 /* Images.xcassets in Resources */ = {isa = PBXBuildFile; fileRef = 07A2E51219B2C1DC0040A4F3 /* Images.xcassets */; };
		07A2E51919B2C7630040A4F3 /* NTSignalViewController.m in Sources */ = {isa = PBXBuildFile; fileRef = 07A2E51719B2C7630040A4F3 /* NTSignalViewController.m */; };
/* End PBXBuildFile section */

/* Begin PBXContainerItemProxy section */
		0795426919A6D465009DACD1 /* PBXContainerItemProxy */ = {
			isa = PBXContainerItemProxy;
			containerPortal = 0795423B19A6D465009DACD1 /* Project object */;
			proxyType = 1;
			remoteGlobalIDString = 0795424219A6D465009DACD1;
			remoteInfo = TimerSignal;
		};
/* End PBXContainerItemProxy section */

/* Begin PBXFileReference section */
		0795424319A6D465009DACD1 /* TimerSignal.app */ = {isa = PBXFileReference; explicitFileType = wrapper.application; includeInIndex = 0; path = TimerSignal.app; sourceTree = BUILT_PRODUCTS_DIR; };
		0795424619A6D465009DACD1 /* Foundation.framework */ = {isa = PBXFileReference; lastKnownFileType = wrapper.framework; name = Foundation.framework; path = System/Library/Frameworks/Foundation.framework; sourceTree = SDKROOT; };
		0795424819A6D465009DACD1 /* CoreGraphics.framework */ = {isa = PBXFileReference; lastKnownFileType = wrapper.framework; name = CoreGraphics.framework; path = System/Library/Frameworks/CoreGraphics.framework; sourceTree = SDKROOT; };
		0795424A19A6D465009DACD1 /* UIKit.framework */ = {isa = PBXFileReference; lastKnownFileType = wrapper.framework; name = UIKit.framework; path = System/Library/Frameworks/UIKit.framework; sourceTree = SDKROOT; };
		0795424E19A6D465009DACD1 /* TimerSignal-Info.plist */ = {isa = PBXFileReference; lastKnownFileType = text.plist.xml; path = "TimerSignal-Info.plist"; sourceTree = "<group>"; };
		0795425019A6D465009DACD1 /* en */ = {isa = PBXFileReference; lastKnownFileType = text.plist.strings; name = en; path = en.lproj/InfoPlist.strings; sourceTree = "<group>"; };
		0795425219A6D465009DACD1 /* main.m */ = {isa = PBXFileReference; lastKnownFileType = sourcecode.c.objc; path = main.m; sourceTree = "<group>"; };
		0795425419A6D465009DACD1 /* TimerSignal-Prefix.pch */ = {isa = PBXFileReference; lastKnownFileType = sourcecode.c.h; path = "TimerSignal-Prefix.pch"; sourceTree = "<group>"; };
		0795425519A6D465009DACD1 /* NTAppDelegate.h */ = {isa = PBXFileReference; lastKnownFileType = sourcecode.c.h; path = NTAppDelegate.h; sourceTree = "<group>"; };
		0795425619A6D465009DACD1 /* NTAppDelegate.m */ = {isa = PBXFileReference; lastKnownFileType = sourcecode.c.objc; path = NTAppDelegate.m; sourceTree = "<group>"; };
		0795425919A6D465009DACD1 /* Base */ = {isa = PBXFileReference; lastKnownFileType = file.storyboard; name = Base; path = Base.lproj/Main.storyboard; sourceTree = "<group>"; };
		0795425B19A6D465009DACD1 /* NTViewController.h */ = {isa = PBXFileReference; lastKnownFileType = sourcecode.c.h; path = NTViewController.h; sourceTree = "<group>"; };
		0795425C19A6D465009DACD1 /* NTViewController.m */ = {isa = PBXFileReference; lastKnownFileType = sourcecode.c.objc; path = NTViewController.m; sourceTree = "<group>"; };
		0795426419A6D465009DACD1 /* TimerSignalTests.xctest */ = {isa = PBXFileReference; explicitFileType = wrapper.cfbundle; includeInIndex = 0; path = TimerSignalTests.xctest; sourceTree = BUILT_PRODUCTS_DIR; };
		0795426519A6D465009DACD1 /* XCTest.framework */ = {isa = PBXFileReference; lastKnownFileType = wrapper.framework; name = XCTest.framework; path = Library/Frameworks/XCTest.framework; sourceTree = DEVELOPER_DIR; };
		0795426D19A6D465009DACD1 /* TimerSignalTests-Info.plist */ = {isa = PBXFileReference; lastKnownFileType = text.plist.xml; path = "TimerSignalTests-Info.plist"; sourceTree = "<group>"; };
		0795426F19A6D465009DACD1 /* en */ = {isa = PBXFileReference; lastKnownFileType = text.plist.strings; name = en; path = en.lproj/InfoPlist.strings; sourceTree = "<group>"; };
		0795427119A6D465009DACD1 /* TimerSignalTests.m */ = {isa = PBXFileReference; lastKnownFileType = sourcecode.c.objc; path = TimerSignalTests.m; sourceTree = "<group>"; };
		07A2E4DB19B1ABD60040A4F3 /* NTClockGestureRecognizer.h */ = {isa = PBXFileReference; fileEncoding = 4; lastKnownFileType = sourcecode.c.h; name = NTClockGestureRecognizer.h; path = ClockRotationGesture/NTClockGestureRecognizer.h; sourceTree = "<group>"; };
		07A2E4DC19B1ABD70040A4F3 /* NTClockGestureRecognizer.m */ = {isa = PBXFileReference; fileEncoding = 4; lastKnownFileType = sourcecode.c.objc; name = NTClockGestureRecognizer.m; path = ClockRotationGesture/NTClockGestureRecognizer.m; sourceTree = "<group>"; };
		07A2E4DD19B1ABD70040A4F3 /* NTClockHariView.h */ = {isa = PBXFileReference; fileEncoding = 4; lastKnownFileType = sourcecode.c.h; name = NTClockHariView.h; path = ClockRotationGesture/NTClockHariView.h; sourceTree = "<group>"; };
		07A2E4DE19B1ABD70040A4F3 /* NTClockHariView.m */ = {isa = PBXFileReference; fileEncoding = 4; lastKnownFileType = sourcecode.c.objc; name = NTClockHariView.m; path = ClockRotationGesture/NTClockHariView.m; sourceTree = "<group>"; };
		07A2E4DF19B1ABD70040A4F3 /* NTClockHourView.h */ = {isa = PBXFileReference; fileEncoding = 4; lastKnownFileType = sourcecode.c.h; name = NTClockHourView.h; path = ClockRotationGesture/NTClockHourView.h; sourceTree = "<group>"; };
		07A2E4E019B1ABD70040A4F3 /* NTClockHourView.m */ = {isa = PBXFileReference; fileEncoding = 4; lastKnownFileType = sourcecode.c.objc; name = NTClockHourView.m; path = ClockRotationGesture/NTClockHourView.m; sourceTree = "<group>"; };
		07A2E4E119B1ABD70040A4F3 /* NTClockMinuteView.h */ = {isa = PBXFileReference; fileEncoding = 4; lastKnownFileType = sourcecode.c.h; name = NTClockMinuteView.h; path = ClockRotationGesture/NTClockMinuteView.h; sourceTree = "<group>"; };
		07A2E4E219B1ABD70040A4F3 /* NTClockMinuteView.m */ = {isa = PBXFileReference; fileEncoding = 4; lastKnownFileType = sourcecode.c.objc; name = NTClockMinuteView.m; path = ClockRotationGesture/NTClockMinuteView.m; sourceTree = "<group>"; };
		07A2E4E319B1ABD70040A4F3 /* NTClockRecognizer.h */ = {isa = PBXFileReference; fileEncoding = 4; lastKnownFileType = sourcecode.c.h; name = NTClockRecognizer.h; path = ClockRotationGesture/NTClockRecognizer.h; sourceTree = "<group>"; };
		07A2E4E419B1ABD70040A4F3 /* NTClockRecognizer.m */ = {isa = PBXFileReference; fileEncoding = 4; lastKnownFileType = sourcecode.c.objc; name = NTClockRecognizer.m; path = ClockRotationGesture/NTClockRecognizer.m; sourceTree = "<group>"; };
		07A2E4E519B1ABD70040A4F3 /* NTClockString.h */ = {isa = PBXFileReference; fileEncoding = 4; lastKnownFileType = sourcecode.c.h; name = NTClockString.h; path = ClockRotationGesture/NTClockString.h; sourceTree = "<group>"; };
		07A2E4E619B1ABD70040A4F3 /* NTClockString.m */ = {isa = PBXFileReference; fileEncoding = 4; lastKnownFileType = sourcecode.c.objc; name = NTClockString.m; path = ClockRotationGesture/NTClockString.m; sourceTree = "<group>"; };
		07A2E4E719B1ABD70040A4F3 /* NTClockView.h */ = {isa = PBXFileReference; fileEncoding = 4; lastKnownFileType = sourcecode.c.h; name = NTClockView.h; path = ClockRotationGesture/NTClockView.h; sourceTree = "<group>"; };
		07A2E4E819B1ABD70040A4F3 /* NTClockView.m */ = {isa = PBXFileReference; fileEncoding = 4; lastKnownFileType = sourcecode.c.objc; name = NTClockView.m; path = ClockRotationGesture/NTClockView.m; sourceTree = "<group>"; };
		07A2E4E919B1ABD70040A4F3 /* NTClockView.xib */ = {isa = PBXFileReference; fileEncoding = 4; lastKnownFileType = file.xib; name = NTClockView.xib; path = ClockRotationGesture/NTClockView.xib; sourceTree = "<group>"; };
		07A2E4FA19B2C1390040A4F3 /* Backgraund_x1.png */ = {isa = PBXFileReference; lastKnownFileType = image.png; path = Backgraund_x1.png; sourceTree = "<group>"; };
		07A2E4FB19B2C1390040A4F3 /* Backgraund_x2.png */ = {isa = PBXFileReference; lastKnownFileType = image.png; path = Backgraund_x2.png; sourceTree = "<group>"; };
		07A2E4FC19B2C1390040A4F3 /* Enn_AM.png */ = {isa = PBXFileReference; lastKnownFileType = image.png; path = Enn_AM.png; sourceTree = "<group>"; };
		07A2E4FD19B2C1390040A4F3 /* Enn_Half_Hour_Text.png */ = {isa = PBXFileReference; lastKnownFileType = image.png; path = Enn_Half_Hour_Text.png; sourceTree = "<group>"; };
		07A2E4FE19B2C1390040A4F3 /* Enn_Half_Hour_Ya.png */ = {isa = PBXFileReference; lastKnownFileType = image.png; path = Enn_Half_Hour_Ya.png; sourceTree = "<group>"; };
		07A2E4FF19B2C1390040A4F3 /* Enn_Half_Hour.png */ = {isa = PBXFileReference; lastKnownFileType = image.png; path = Enn_Half_Hour.png; sourceTree = "<group>"; };
		07A2E50019B2C1390040A4F3 /* Enn_Half_Minute_Text.png */ = {isa = PBXFileReference; lastKnownFileType = image.png; path = Enn_Half_Minute_Text.png; sourceTree = "<group>"; };
		07A2E50119B2C1390040A4F3 /* Enn_Half_Minute_Ya.png */ = {isa = PBXFileReference; lastKnownFileType = image.png; path = Enn_Half_Minute_Ya.png; sourceTree = "<group>"; };
		07A2E50219B2C1390040A4F3 /* Enn_Half_Minute.png */ = {isa = PBXFileReference; lastKnownFileType = image.png; path = Enn_Half_Minute.png; sourceTree = "<group>"; };
		07A2E50319B2C1390040A4F3 /* Enn_PM.png */ = {isa = PBXFileReference; lastKnownFileType = image.png; path = Enn_PM.png; sourceTree = "<group>"; };
		07A2E50419B2C1390040A4F3 /* Go_x1.png */ = {isa = PBXFileReference; lastKnownFileType = image.png; path = Go_x1.png; sourceTree = "<group>"; };
		07A2E50519B2C1390040A4F3 /* Go_x2.png */ = {isa = PBXFileReference; lastKnownFileType = image.png; path = Go_x2.png; sourceTree = "<group>"; };
		07A2E51219B2C1DC0040A4F3 /* Images.xcassets */ = {isa = PBXFileReference; lastKnownFileType = folder.assetcatalog; path = Images.xcassets; sourceTree = "<group>"; };
		07A2E51619B2C7630040A4F3 /* NTSignalViewController.h */ = {isa = PBXFileReference; fileEncoding = 4; lastKnownFileType = sourcecode.c.h; path = NTSignalViewController.h; sourceTree = "<group>"; };
		07A2E51719B2C7630040A4F3 /* NTSignalViewController.m */ = {isa = PBXFileReference; fileEncoding = 4; lastKnownFileType = sourcecode.c.objc; path = NTSignalViewController.m; sourceTree = "<group>"; };
/* End PBXFileReference section */

/* Begin PBXFrameworksBuildPhase section */
		0795424019A6D465009DACD1 /* Frameworks */ = {
			isa = PBXFrameworksBuildPhase;
			buildActionMask = 2147483647;
			files = (
				0795424919A6D465009DACD1 /* CoreGraphics.framework in Frameworks */,
				0795424B19A6D465009DACD1 /* UIKit.framework in Frameworks */,
				0795424719A6D465009DACD1 /* Foundation.framework in Frameworks */,
			);
			runOnlyForDeploymentPostprocessing = 0;
		};
		0795426119A6D465009DACD1 /* Frameworks */ = {
			isa = PBXFrameworksBuildPhase;
			buildActionMask = 2147483647;
			files = (
				0795426619A6D465009DACD1 /* XCTest.framework in Frameworks */,
				0795426819A6D465009DACD1 /* UIKit.framework in Frameworks */,
				0795426719A6D465009DACD1 /* Foundation.framework in Frameworks */,
			);
			runOnlyForDeploymentPostprocessing = 0;
		};
/* End PBXFrameworksBuildPhase section */

/* Begin PBXGroup section */
		0795423A19A6D465009DACD1 = {
			isa = PBXGroup;
			children = (
				0795424C19A6D465009DACD1 /* TimerSignal */,
				0795426B19A6D465009DACD1 /* TimerSignalTests */,
				0795424519A6D465009DACD1 /* Frameworks */,
				0795424419A6D465009DACD1 /* Products */,
			);
			sourceTree = "<group>";
		};
		0795424419A6D465009DACD1 /* Products */ = {
			isa = PBXGroup;
			children = (
				0795424319A6D465009DACD1 /* TimerSignal.app */,
				0795426419A6D465009DACD1 /* TimerSignalTests.xctest */,
			);
			name = Products;
			sourceTree = "<group>";
		};
		0795424519A6D465009DACD1 /* Frameworks */ = {
			isa = PBXGroup;
			children = (
				0795424619A6D465009DACD1 /* Foundation.framework */,
				0795424819A6D465009DACD1 /* CoreGraphics.framework */,
				0795424A19A6D465009DACD1 /* UIKit.framework */,
				0795426519A6D465009DACD1 /* XCTest.framework */,
			);
			name = Frameworks;
			sourceTree = "<group>";
		};
		0795424C19A6D465009DACD1 /* TimerSignal */ = {
			isa = PBXGroup;
			children = (
				0795425819A6D465009DACD1 /* Main.storyboard */,
				0795425519A6D465009DACD1 /* NTAppDelegate.h */,
				0795425619A6D465009DACD1 /* NTAppDelegate.m */,
				0795425B19A6D465009DACD1 /* NTViewController.h */,
				0795425C19A6D465009DACD1 /* NTViewController.m */,
				07A2E51619B2C7630040A4F3 /* NTSignalViewController.h */,
				07A2E51719B2C7630040A4F3 /* NTSignalViewController.m */,
				0795428E19A6D6EB009DACD1 /* ClockRotationGesture */,
				07A2E51219B2C1DC0040A4F3 /* Images.xcassets */,
				0795427B19A6D54F009DACD1 /* Images */,
				0795424D19A6D465009DACD1 /* Supporting Files */,
			);
			path = TimerSignal;
			sourceTree = "<group>";
		};
		0795424D19A6D465009DACD1 /* Supporting Files */ = {
			isa = PBXGroup;
			children = (
				0795424E19A6D465009DACD1 /* TimerSignal-Info.plist */,
				0795424F19A6D465009DACD1 /* InfoPlist.strings */,
				0795425219A6D465009DACD1 /* main.m */,
				0795425419A6D465009DACD1 /* TimerSignal-Prefix.pch */,
			);
			name = "Supporting Files";
			sourceTree = "<group>";
		};
		0795426B19A6D465009DACD1 /* TimerSignalTests */ = {
			isa = PBXGroup;
			children = (
				0795427119A6D465009DACD1 /* TimerSignalTests.m */,
				0795426C19A6D465009DACD1 /* Supporting Files */,
			);
			path = TimerSignalTests;
			sourceTree = "<group>";
		};
		0795426C19A6D465009DACD1 /* Supporting Files */ = {
			isa = PBXGroup;
			children = (
				0795426D19A6D465009DACD1 /* TimerSignalTests-Info.plist */,
				0795426E19A6D465009DACD1 /* InfoPlist.strings */,
			);
			name = "Supporting Files";
			sourceTree = "<group>";
		};
		0795427B19A6D54F009DACD1 /* Images */ = {
			isa = PBXGroup;
			children = (
				07A2E4FA19B2C1390040A4F3 /* Backgraund_x1.png */,
				07A2E4FB19B2C1390040A4F3 /* Backgraund_x2.png */,
				07A2E4FC19B2C1390040A4F3 /* Enn_AM.png */,
				07A2E4FD19B2C1390040A4F3 /* Enn_Half_Hour_Text.png */,
				07A2E4FE19B2C1390040A4F3 /* Enn_Half_Hour_Ya.png */,
				07A2E4FF19B2C1390040A4F3 /* Enn_Half_Hour.png */,
				07A2E50019B2C1390040A4F3 /* Enn_Half_Minute_Text.png */,
				07A2E50119B2C1390040A4F3 /* Enn_Half_Minute_Ya.png */,
				07A2E50219B2C1390040A4F3 /* Enn_Half_Minute.png */,
				07A2E50319B2C1390040A4F3 /* Enn_PM.png */,
				07A2E50419B2C1390040A4F3 /* Go_x1.png */,
				07A2E50519B2C1390040A4F3 /* Go_x2.png */,
			);
			path = Images;
			sourceTree = "<group>";
		};
		0795428E19A6D6EB009DACD1 /* ClockRotationGesture */ = {
			isa = PBXGroup;
			children = (
				07A2E4E919B1ABD70040A4F3 /* NTClockView.xib */,
				07A2E4E719B1ABD70040A4F3 /* NTClockView.h */,
				07A2E4E819B1ABD70040A4F3 /* NTClockView.m */,
				07A2E4DD19B1ABD70040A4F3 /* NTClockHariView.h */,
				07A2E4DE19B1ABD70040A4F3 /* NTClockHariView.m */,
				07A2E4DF19B1ABD70040A4F3 /* NTClockHourView.h */,
				07A2E4E019B1ABD70040A4F3 /* NTClockHourView.m */,
				07A2E4E119B1ABD70040A4F3 /* NTClockMinuteView.h */,
				07A2E4E219B1ABD70040A4F3 /* NTClockMinuteView.m */,
				07A2E4E519B1ABD70040A4F3 /* NTClockString.h */,
				07A2E4E619B1ABD70040A4F3 /* NTClockString.m */,
				07A2E4E319B1ABD70040A4F3 /* NTClockRecognizer.h */,
				07A2E4E419B1ABD70040A4F3 /* NTClockRecognizer.m */,
				07A2E4DB19B1ABD60040A4F3 /* NTClockGestureRecognizer.h */,
				07A2E4DC19B1ABD70040A4F3 /* NTClockGestureRecognizer.m */,
			);
			name = ClockRotationGesture;
			sourceTree = "<group>";
		};
/* End PBXGroup section */

/* Begin PBXNativeTarget section */
		0795424219A6D465009DACD1 /* TimerSignal */ = {
			isa = PBXNativeTarget;
			buildConfigurationList = 0795427519A6D465009DACD1 /* Build configuration list for PBXNativeTarget "TimerSignal" */;
			buildPhases = (
				0795423F19A6D465009DACD1 /* Sources */,
				0795424019A6D465009DACD1 /* Frameworks */,
				0795424119A6D465009DACD1 /* Resources */,
			);
			buildRules = (
			);
			dependencies = (
			);
			name = TimerSignal;
			productName = TimerSignal;
			productReference = 0795424319A6D465009DACD1 /* TimerSignal.app */;
			productType = "com.apple.product-type.application";
		};
		0795426319A6D465009DACD1 /* TimerSignalTests */ = {
			isa = PBXNativeTarget;
			buildConfigurationList = 0795427819A6D465009DACD1 /* Build configuration list for PBXNativeTarget "TimerSignalTests" */;
			buildPhases = (
				0795426019A6D465009DACD1 /* Sources */,
				0795426119A6D465009DACD1 /* Frameworks */,
				0795426219A6D465009DACD1 /* Resources */,
			);
			buildRules = (
			);
			dependencies = (
				0795426A19A6D465009DACD1 /* PBXTargetDependency */,
			);
			name = TimerSignalTests;
			productName = TimerSignalTests;
			productReference = 0795426419A6D465009DACD1 /* TimerSignalTests.xctest */;
			productType = "com.apple.product-type.bundle.unit-test";
		};
/* End PBXNativeTarget section */

/* Begin PBXProject section */
		0795423B19A6D465009DACD1 /* Project object */ = {
			isa = PBXProject;
			attributes = {
				CLASSPREFIX = NT;
				LastUpgradeCheck = 0510;
				ORGANIZATIONNAME = "ビザンコムマック０９";
				TargetAttributes = {
					0795426319A6D465009DACD1 = {
						TestTargetID = 0795424219A6D465009DACD1;
					};
				};
			};
			buildConfigurationList = 0795423E19A6D465009DACD1 /* Build configuration list for PBXProject "TimerSignal" */;
			compatibilityVersion = "Xcode 3.2";
			developmentRegion = English;
			hasScannedForEncodings = 0;
			knownRegions = (
				en,
				Base,
			);
			mainGroup = 0795423A19A6D465009DACD1;
			productRefGroup = 0795424419A6D465009DACD1 /* Products */;
			projectDirPath = "";
			projectRoot = "";
			targets = (
				0795424219A6D465009DACD1 /* TimerSignal */,
				0795426319A6D465009DACD1 /* TimerSignalTests */,
			);
		};
/* End PBXProject section */

/* Begin PBXResourcesBuildPhase section */
		0795424119A6D465009DACD1 /* Resources */ = {
			isa = PBXResourcesBuildPhase;
			buildActionMask = 2147483647;
			files = (
				07A2E50A19B2C1390040A4F3 /* Enn_Half_Hour_Ya.png in Resources */,
				07A2E51319B2C1DC0040A4F3 /* Images.xcassets in Resources */,
				07A2E4F119B1ABD70040A4F3 /* NTClockView.xib in Resources */,
				07A2E51019B2C1390040A4F3 /* Go_x1.png in Resources */,
				07A2E50E19B2C1390040A4F3 /* Enn_Half_Minute.png in Resources */,
				07A2E51119B2C1390040A4F3 /* Go_x2.png in Resources */,
				07A2E50D19B2C1390040A4F3 /* Enn_Half_Minute_Ya.png in Resources */,
				07A2E50F19B2C1390040A4F3 /* Enn_PM.png in Resources */,
				07A2E50819B2C1390040A4F3 /* Enn_AM.png in Resources */,
				07A2E50C19B2C1390040A4F3 /* Enn_Half_Minute_Text.png in Resources */,
				07A2E50919B2C1390040A4F3 /* Enn_Half_Hour_Text.png in Resources */,
				0795425119A6D465009DACD1 /* InfoPlist.strings in Resources */,
				07A2E50B19B2C1390040A4F3 /* Enn_Half_Hour.png in Resources */,
				07A2E50619B2C1390040A4F3 /* Backgraund_x1.png in Resources */,
				0795425A19A6D465009DACD1 /* Main.storyboard in Resources */,
				07A2E50719B2C1390040A4F3 /* Backgraund_x2.png in Resources */,
			);
			runOnlyForDeploymentPostprocessing = 0;
		};
		0795426219A6D465009DACD1 /* Resources */ = {
			isa = PBXResourcesBuildPhase;
			buildActionMask = 2147483647;
			files = (
				0795427019A6D465009DACD1 /* InfoPlist.strings in Resources */,
			);
			runOnlyForDeploymentPostprocessing = 0;
		};
/* End PBXResourcesBuildPhase section */

/* Begin PBXSourcesBuildPhase section */
		0795423F19A6D465009DACD1 /* Sources */ = {
			isa = PBXSourcesBuildPhase;
			buildActionMask = 2147483647;
			files = (
				0795425D19A6D465009DACD1 /* NTViewController.m in Sources */,
				07A2E4ED19B1ABD70040A4F3 /* NTClockMinuteView.m in Sources */,
				0795425719A6D465009DACD1 /* NTAppDelegate.m in Sources */,
				07A2E4EB19B1ABD70040A4F3 /* NTClockHariView.m in Sources */,
				07A2E4EE19B1ABD70040A4F3 /* NTClockRecognizer.m in Sources */,
				07A2E4F019B1ABD70040A4F3 /* NTClockView.m in Sources */,
				07A2E51919B2C7630040A4F3 /* NTSignalViewController.m in Sources */,
				07A2E4EA19B1ABD70040A4F3 /* NTClockGestureRecognizer.m in Sources */,
				07A2E4EF19B1ABD70040A4F3 /* NTClockString.m in Sources */,
				0795425319A6D465009DACD1 /* main.m in Sources */,
				07A2E4EC19B1ABD70040A4F3 /* NTClockHourView.m in Sources */,
			);
			runOnlyForDeploymentPostprocessing = 0;
		};
		0795426019A6D465009DACD1 /* Sources */ = {
			isa = PBXSourcesBuildPhase;
			buildActionMask = 2147483647;
			files = (
				0795427219A6D465009DACD1 /* TimerSignalTests.m in Sources */,
			);
			runOnlyForDeploymentPostprocessing = 0;
		};
/* End PBXSourcesBuildPhase section */

/* Begin PBXTargetDependency section */
		0795426A19A6D465009DACD1 /* PBXTargetDependency */ = {
			isa = PBXTargetDependency;
			target = 0795424219A6D465009DACD1 /* TimerSignal */;
			targetProxy = 0795426919A6D465009DACD1 /* PBXContainerItemProxy */;
		};
/* End PBXTargetDependency section */

/* Begin PBXVariantGroup section */
		0795424F19A6D465009DACD1 /* InfoPlist.strings */ = {
			isa = PBXVariantGroup;
			children = (
				0795425019A6D465009DACD1 /* en */,
			);
			name = InfoPlist.strings;
			sourceTree = "<group>";
		};
		0795425819A6D465009DACD1 /* Main.storyboard */ = {
			isa = PBXVariantGroup;
			children = (
				0795425919A6D465009DACD1 /* Base */,
			);
			name = Main.storyboard;
			sourceTree = "<group>";
		};
		0795426E19A6D465009DACD1 /* InfoPlist.strings */ = {
			isa = PBXVariantGroup;
			children = (
				0795426F19A6D465009DACD1 /* en */,
			);
			name = InfoPlist.strings;
			sourceTree = "<group>";
		};
/* End PBXVariantGroup section */

/* Begin XCBuildConfiguration section */
		0795427319A6D465009DACD1 /* Debug */ = {
			isa = XCBuildConfiguration;
			buildSettings = {
				ALWAYS_SEARCH_USER_PATHS = NO;
				CLANG_CXX_LANGUAGE_STANDARD = "gnu++0x";
				CLANG_CXX_LIBRARY = "libc++";
				CLANG_ENABLE_MODULES = YES;
				CLANG_ENABLE_OBJC_ARC = YES;
				CLANG_WARN_BOOL_CONVERSION = YES;
				CLANG_WARN_CONSTANT_CONVERSION = YES;
				CLANG_WARN_DIRECT_OBJC_ISA_USAGE = YES_ERROR;
				CLANG_WARN_EMPTY_BODY = YES;
				CLANG_WARN_ENUM_CONVERSION = YES;
				CLANG_WARN_INT_CONVERSION = YES;
				CLANG_WARN_OBJC_ROOT_CLASS = YES_ERROR;
				CLANG_WARN__DUPLICATE_METHOD_MATCH = YES;
				"CODE_SIGN_IDENTITY[sdk=iphoneos*]" = "iPhone Developer";
				COPY_PHASE_STRIP = NO;
				GCC_C_LANGUAGE_STANDARD = gnu99;
				GCC_DYNAMIC_NO_PIC = NO;
				GCC_OPTIMIZATION_LEVEL = 0;
				GCC_PREPROCESSOR_DEFINITIONS = (
					"DEBUG=1",
					"$(inherited)",
				);
				GCC_SYMBOLS_PRIVATE_EXTERN = NO;
				GCC_WARN_64_TO_32_BIT_CONVERSION = YES;
				GCC_WARN_ABOUT_RETURN_TYPE = YES_ERROR;
				GCC_WARN_UNDECLARED_SELECTOR = YES;
				GCC_WARN_UNINITIALIZED_AUTOS = YES_AGGRESSIVE;
				GCC_WARN_UNUSED_FUNCTION = YES;
				GCC_WARN_UNUSED_VARIABLE = YES;
				IPHONEOS_DEPLOYMENT_TARGET = 7.1;
				ONLY_ACTIVE_ARCH = YES;
				SDKROOT = iphoneos;
			};
			name = Debug;
		};
		0795427419A6D465009DACD1 /* Release */ = {
			isa = XCBuildConfiguration;
			buildSettings = {
				ALWAYS_SEARCH_USER_PATHS = NO;
				CLANG_CXX_LANGUAGE_STANDARD = "gnu++0x";
				CLANG_CXX_LIBRARY = "libc++";
				CLANG_ENABLE_MODULES = YES;
				CLANG_ENABLE_OBJC_ARC = YES;
				CLANG_WARN_BOOL_CONVERSION = YES;
				CLANG_WARN_CONSTANT_CONVERSION = YES;
				CLANG_WARN_DIRECT_OBJC_ISA_USAGE = YES_ERROR;
				CLANG_WARN_EMPTY_BODY = YES;
				CLANG_WARN_ENUM_CONVERSION = YES;
				CLANG_WARN_INT_CONVERSION = YES;
				CLANG_WARN_OBJC_ROOT_CLASS = YES_ERROR;
				CLANG_WARN__DUPLICATE_METHOD_MATCH = YES;
				"CODE_SIGN_IDENTITY[sdk=iphoneos*]" = "iPhone Developer";
				COPY_PHASE_STRIP = YES;
				ENABLE_NS_ASSERTIONS = NO;
				GCC_C_LANGUAGE_STANDARD = gnu99;
				GCC_WARN_64_TO_32_BIT_CONVERSION = YES;
				GCC_WARN_ABOUT_RETURN_TYPE = YES_ERROR;
				GCC_WARN_UNDECLARED_SELECTOR = YES;
				GCC_WARN_UNINITIALIZED_AUTOS = YES_AGGRESSIVE;
				GCC_WARN_UNUSED_FUNCTION = YES;
				GCC_WARN_UNUSED_VARIABLE = YES;
				IPHONEOS_DEPLOYMENT_TARGET = 7.1;
				SDKROOT = iphoneos;
				VALIDATE_PRODUCT = YES;
			};
			name = Release;
		};
		0795427619A6D465009DACD1 /* Debug */ = {
			isa = XCBuildConfiguration;
			buildSettings = {
				ASSETCATALOG_COMPILER_APPICON_NAME = AppIcon;
				ASSETCATALOG_COMPILER_LAUNCHIMAGE_NAME = LaunchImage;
				GCC_PRECOMPILE_PREFIX_HEADER = YES;
				GCC_PREFIX_HEADER = "TimerSignal/TimerSignal-Prefix.pch";
				INFOPLIST_FILE = "TimerSignal/TimerSignal-Info.plist";
				PRODUCT_NAME = "$(TARGET_NAME)";
				WRAPPER_EXTENSION = app;
			};
			name = Debug;
		};
		0795427719A6D465009DACD1 /* Release */ = {
			isa = XCBuildConfiguration;
			buildSettings = {
				ASSETCATALOG_COMPILER_APPICON_NAME = AppIcon;
				ASSETCATALOG_COMPILER_LAUNCHIMAGE_NAME = LaunchImage;
				GCC_PRECOMPILE_PREFIX_HEADER = YES;
				GCC_PREFIX_HEADER = "TimerSignal/TimerSignal-Prefix.pch";
				INFOPLIST_FILE = "TimerSignal/TimerSignal-Info.plist";
				PRODUCT_NAME = "$(TARGET_NAME)";
				WRAPPER_EXTENSION = app;
			};
			name = Release;
		};
		0795427919A6D465009DACD1 /* Debug */ = {
			isa = XCBuildConfiguration;
			buildSettings = {
				BUNDLE_LOADER = "$(BUILT_PRODUCTS_DIR)/TimerSignal.app/TimerSignal";
				FRAMEWORK_SEARCH_PATHS = (
					"$(SDKROOT)/Developer/Library/Frameworks",
					"$(inherited)",
					"$(DEVELOPER_FRAMEWORKS_DIR)",
				);
				GCC_PRECOMPILE_PREFIX_HEADER = YES;
				GCC_PREFIX_HEADER = "TimerSignal/TimerSignal-Prefix.pch";
				GCC_PREPROCESSOR_DEFINITIONS = (
					"DEBUG=1",
					"$(inherited)",
				);
				INFOPLIST_FILE = "TimerSignalTests/TimerSignalTests-Info.plist";
				PRODUCT_NAME = "$(TARGET_NAME)";
				TEST_HOST = "$(BUNDLE_LOADER)";
				WRAPPER_EXTENSION = xctest;
			};
			name = Debug;
		};
		0795427A19A6D465009DACD1 /* Release */ = {
			isa = XCBuildConfiguration;
			buildSettings = {
				BUNDLE_LOADER = "$(BUILT_PRODUCTS_DIR)/TimerSignal.app/TimerSignal";
				FRAMEWORK_SEARCH_PATHS = (
					"$(SDKROOT)/Developer/Library/Frameworks",
					"$(inherited)",
					"$(DEVELOPER_FRAMEWORKS_DIR)",
				);
				GCC_PRECOMPILE_PREFIX_HEADER = YES;
				GCC_PREFIX_HEADER = "TimerSignal/TimerSignal-Prefix.pch";
				INFOPLIST_FILE = "TimerSignalTests/TimerSignalTests-Info.plist";
				PRODUCT_NAME = "$(TARGET_NAME)";
				TEST_HOST = "$(BUNDLE_LOADER)";
				WRAPPER_EXTENSION = xctest;
			};
			name = Release;
		};
/* End XCBuildConfiguration section */

/* Begin XCConfigurationList section */
		0795423E19A6D465009DACD1 /* Build configuration list for PBXProject "TimerSignal" */ = {
			isa = XCConfigurationList;
			buildConfigurations = (
				0795427319A6D465009DACD1 /* Debug */,
				0795427419A6D465009DACD1 /* Release */,
			);
			defaultConfigurationIsVisible = 0;
			defaultConfigurationName = Release;
		};
		0795427519A6D465009DACD1 /* Build configuration list for PBXNativeTarget "TimerSignal" */ = {
			isa = XCConfigurationList;
			buildConfigurations = (
				0795427619A6D465009DACD1 /* Debug */,
				0795427719A6D465009DACD1 /* Release */,
			);
			defaultConfigurationIsVisible = 0;
			defaultConfigurationName = Release;
		};
		0795427819A6D465009DACD1 /* Build configuration list for PBXNativeTarget "TimerSignalTests" */ = {
			isa = XCConfigurationList;
			buildConfigurations = (
				0795427919A6D465009DACD1 /* Debug */,
				0795427A19A6D465009DACD1 /* Release */,
			);
			defaultConfigurationIsVisible = 0;
			defaultConfigurationName = Release;
		};
/* End XCConfigurationList section */
	};
	rootObject = 0795423B19A6D465009DACD1 /* Project object */;
}
